
Microsoft Visual Studio Solution File, Format Version 12.00
# Visual Studio Version 17
VisualStudioVersion = 17.6.33712.159
MinimumVisualStudioVersion = 10.0.40219.1
Project("{FAE04EC0-301F-11D3-BF4B-00C04F79EFBC}") = "BanTin24h", "BanTin24h.csproj", "{2D59E0FA-4767-44F0-8443-92F28B126312}"
EndProject
Global
	GlobalSection(SolutionConfigurationPlatforms) = preSolution
		Debug|Any CPU = Debug|Any CPU
		Release|Any CPU = Release|Any CPU
	EndGlobalSection
	GlobalSection(ProjectConfigurationPlatforms) = postSolution
		{2D59E0FA-4767-44F0-8443-92F28B126312}.Debug|Any CPU.ActiveCfg = Debug|Any CPU
		{2D59E0FA-4767-44F0-8443-92F28B126312}.Debug|Any CPU.Build.0 = Debug|Any CPU
		{2D59E0FA-4767-44F0-8443-92F28B126312}.Release|Any CPU.ActiveCfg = Release|Any CPU
		{2D59E0FA-4767-44F0-8443-92F28B126312}.Release|Any CPU.Build.0 = Release|Any CPU
	EndGlobalSection
	GlobalSection(SolutionProperties) = preSolution
		HideSolutionNode = FALSE
	EndGlobalSection
	GlobalSection(ExtensibilityGlobals) = postSolution
		SolutionGuid = {AAFBEE87-D414-43E7-A296-009AC2586EE8}
	EndGlobalSection
EndGlobal
